
Microsoft Visual Studio Solution File, Format Version 12.00
# Visual Studio Version 16
VisualStudioVersion = 16.0.29519.181
MinimumVisualStudioVersion = 10.0.40219.1
Project("{9A19103F-16F7-4668-BE54-9A1E7A4F7556}") = "HW_3.1", "HW_3.1\HW_3.1.csproj", "{708174F6-1FB0-40C8-BA7E-5E3EDBC87116}"
EndProject
Project("{9A19103F-16F7-4668-BE54-9A1E7A4F7556}") = "HW_3.2", "HW_3.2\HW_3.2.csproj", "{F8E0D05B-F4E9-41F9-B109-645B4372B261}"
EndProject
Project("{9A19103F-16F7-4668-BE54-9A1E7A4F7556}") = "HW_3.3", "HW_3.3\HW_3.3.csproj", "{14A3DD94-2B57-49C0-96A9-036E84CBCA3C}"
EndProject
Project("{9A19103F-16F7-4668-BE54-9A1E7A4F7556}") = "HW_3.4", "HW_3.4\HW_3.4.csproj", "{7E55BB15-D0C0-40EE-9D52-163149EBEBC0}"
EndProject
Project("{9A19103F-16F7-4668-BE54-9A1E7A4F7556}") = "HW_3.5", "HW_3.5\HW_3.5.csproj", "{17A9255E-EF8B-4405-98C2-97FBACBD156C}"
EndProject
Project("{9A19103F-16F7-4668-BE54-9A1E7A4F7556}") = "HW_3.6", "HW_3.6\HW_3.6.csproj", "{B0CDE082-194D-410C-A00A-B8CB35B6D6CC}"
EndProject
Project("{9A19103F-16F7-4668-BE54-9A1E7A4F7556}") = "HW_3.7", "HW_3.7\HW_3.7.csproj", "{8345CEA3-DF54-45DE-BE9C-71FF3418AB09}"
EndProject
Project("{9A19103F-16F7-4668-BE54-9A1E7A4F7556}") = "HW_1.2", "HW_1.2\HW_1.2.csproj", "{20D2EBC2-A2D3-421D-AB9F-DF78D0351878}"
EndProject
Project("{9A19103F-16F7-4668-BE54-9A1E7A4F7556}") = "HW_1.1", "HW_1.1\HW_1.1.csproj", "{6579B3F1-C113-4BE0-86DA-16D2665D39A3}"
EndProject
Project("{9A19103F-16F7-4668-BE54-9A1E7A4F7556}") = "HW_1.3", "HW_1.3\HW_1.3.csproj", "{8B25D49B-2DA8-42E3-B75E-19145E48EBE3}"
EndProject
Project("{9A19103F-16F7-4668-BE54-9A1E7A4F7556}") = "HW_1.4", "HW_1.4\HW_1.4.csproj", "{58B0774A-1A75-4C7A-963E-D511C92B1C86}"
EndProject
Project("{9A19103F-16F7-4668-BE54-9A1E7A4F7556}") = "HW_1.5", "HW_1.5\HW_1.5.csproj", "{9587D137-2F9A-464D-898E-4031C31BA322}"
EndProject
Project("{9A19103F-16F7-4668-BE54-9A1E7A4F7556}") = "HW_1.6", "HW_1.6\HW_1.6.csproj", "{AC6C760A-E72A-499C-870F-C8AF88074377}"
EndProject
Project("{9A19103F-16F7-4668-BE54-9A1E7A4F7556}") = "ExtraTask", "ExtraTask\ExtraTask.csproj", "{F8B608A3-B9DF-477C-8B8C-A9F7B9154312}"
EndProject
Project("{FAE04EC0-301F-11D3-BF4B-00C04F79EFBC}") = "HW_2.1", "HW_2.1\HW_2.1.csproj", "{D6FD019F-F068-4669-A17A-67F183497C71}"
EndProject
Project("{9A19103F-16F7-4668-BE54-9A1E7A4F7556}") = "HW_4.1", "HW_4.1\HW_4.1.csproj", "{1C937214-B256-4ED2-B125-C5958987C88F}"
EndProject
Project("{9A19103F-16F7-4668-BE54-9A1E7A4F7556}") = "HW_7.1", "HW_7.1\HW_7.1.csproj", "{3801E9E2-7E39-492F-BC7C-5652EEBCA442}"
EndProject
Project("{9A19103F-16F7-4668-BE54-9A1E7A4F7556}") = "HW_5.1", "HW_5.1\HW_5.1.csproj", "{D9A40F36-9527-49A1-9959-8C1317AE910E}"
EndProject
Global
	GlobalSection(SolutionConfigurationPlatforms) = preSolution
		Debug|Any CPU = Debug|Any CPU
		Release|Any CPU = Release|Any CPU
	EndGlobalSection
	GlobalSection(ProjectConfigurationPlatforms) = postSolution
		{708174F6-1FB0-40C8-BA7E-5E3EDBC87116}.Debug|Any CPU.ActiveCfg = Debug|Any CPU
		{708174F6-1FB0-40C8-BA7E-5E3EDBC87116}.Debug|Any CPU.Build.0 = Debug|Any CPU
		{708174F6-1FB0-40C8-BA7E-5E3EDBC87116}.Release|Any CPU.ActiveCfg = Release|Any CPU
		{708174F6-1FB0-40C8-BA7E-5E3EDBC87116}.Release|Any CPU.Build.0 = Release|Any CPU
		{F8E0D05B-F4E9-41F9-B109-645B4372B261}.Debug|Any CPU.ActiveCfg = Debug|Any CPU
		{F8E0D05B-F4E9-41F9-B109-645B4372B261}.Debug|Any CPU.Build.0 = Debug|Any CPU
		{F8E0D05B-F4E9-41F9-B109-645B4372B261}.Release|Any CPU.ActiveCfg = Release|Any CPU
		{F8E0D05B-F4E9-41F9-B109-645B4372B261}.Release|Any CPU.Build.0 = Release|Any CPU
		{14A3DD94-2B57-49C0-96A9-036E84CBCA3C}.Debug|Any CPU.ActiveCfg = Debug|Any CPU
		{14A3DD94-2B57-49C0-96A9-036E84CBCA3C}.Debug|Any CPU.Build.0 = Debug|Any CPU
		{14A3DD94-2B57-49C0-96A9-036E84CBCA3C}.Release|Any CPU.ActiveCfg = Release|Any CPU
		{14A3DD94-2B57-49C0-96A9-036E84CBCA3C}.Release|Any CPU.Build.0 = Release|Any CPU
		{7E55BB15-D0C0-40EE-9D52-163149EBEBC0}.Debug|Any CPU.ActiveCfg = Debug|Any CPU
		{7E55BB15-D0C0-40EE-9D52-163149EBEBC0}.Debug|Any CPU.Build.0 = Debug|Any CPU
		{7E55BB15-D0C0-40EE-9D52-163149EBEBC0}.Release|Any CPU.ActiveCfg = Release|Any CPU
		{7E55BB15-D0C0-40EE-9D52-163149EBEBC0}.Release|Any CPU.Build.0 = Release|Any CPU
		{17A9255E-EF8B-4405-98C2-97FBACBD156C}.Debug|Any CPU.ActiveCfg = Debug|Any CPU
		{17A9255E-EF8B-4405-98C2-97FBACBD156C}.Debug|Any CPU.Build.0 = Debug|Any CPU
		{17A9255E-EF8B-4405-98C2-97FBACBD156C}.Release|Any CPU.ActiveCfg = Release|Any CPU
		{17A9255E-EF8B-4405-98C2-97FBACBD156C}.Release|Any CPU.Build.0 = Release|Any CPU
		{B0CDE082-194D-410C-A00A-B8CB35B6D6CC}.Debug|Any CPU.ActiveCfg = Debug|Any CPU
		{B0CDE082-194D-410C-A00A-B8CB35B6D6CC}.Debug|Any CPU.Build.0 = Debug|Any CPU
		{B0CDE082-194D-410C-A00A-B8CB35B6D6CC}.Release|Any CPU.ActiveCfg = Release|Any CPU
		{B0CDE082-194D-410C-A00A-B8CB35B6D6CC}.Release|Any CPU.Build.0 = Release|Any CPU
		{8345CEA3-DF54-45DE-BE9C-71FF3418AB09}.Debug|Any CPU.ActiveCfg = Debug|Any CPU
		{8345CEA3-DF54-45DE-BE9C-71FF3418AB09}.Debug|Any CPU.Build.0 = Debug|Any CPU
		{8345CEA3-DF54-45DE-BE9C-71FF3418AB09}.Release|Any CPU.ActiveCfg = Release|Any CPU
		{8345CEA3-DF54-45DE-BE9C-71FF3418AB09}.Release|Any CPU.Build.0 = Release|Any CPU
		{20D2EBC2-A2D3-421D-AB9F-DF78D0351878}.Debug|Any CPU.ActiveCfg = Debug|Any CPU
		{20D2EBC2-A2D3-421D-AB9F-DF78D0351878}.Debug|Any CPU.Build.0 = Debug|Any CPU
		{20D2EBC2-A2D3-421D-AB9F-DF78D0351878}.Release|Any CPU.ActiveCfg = Release|Any CPU
		{20D2EBC2-A2D3-421D-AB9F-DF78D0351878}.Release|Any CPU.Build.0 = Release|Any CPU
		{6579B3F1-C113-4BE0-86DA-16D2665D39A3}.Debug|Any CPU.ActiveCfg = Debug|Any CPU
		{6579B3F1-C113-4BE0-86DA-16D2665D39A3}.Debug|Any CPU.Build.0 = Debug|Any CPU
		{6579B3F1-C113-4BE0-86DA-16D2665D39A3}.Release|Any CPU.ActiveCfg = Release|Any CPU
		{6579B3F1-C113-4BE0-86DA-16D2665D39A3}.Release|Any CPU.Build.0 = Release|Any CPU
		{8B25D49B-2DA8-42E3-B75E-19145E48EBE3}.Debug|Any CPU.ActiveCfg = Debug|Any CPU
		{8B25D49B-2DA8-42E3-B75E-19145E48EBE3}.Debug|Any CPU.Build.0 = Debug|Any CPU
		{8B25D49B-2DA8-42E3-B75E-19145E48EBE3}.Release|Any CPU.ActiveCfg = Release|Any CPU
		{8B25D49B-2DA8-42E3-B75E-19145E48EBE3}.Release|Any CPU.Build.0 = Release|Any CPU
		{58B0774A-1A75-4C7A-963E-D511C92B1C86}.Debug|Any CPU.ActiveCfg = Debug|Any CPU
		{58B0774A-1A75-4C7A-963E-D511C92B1C86}.Debug|Any CPU.Build.0 = Debug|Any CPU
		{58B0774A-1A75-4C7A-963E-D511C92B1C86}.Release|Any CPU.ActiveCfg = Release|Any CPU
		{58B0774A-1A75-4C7A-963E-D511C92B1C86}.Release|Any CPU.Build.0 = Release|Any CPU
		{9587D137-2F9A-464D-898E-4031C31BA322}.Debug|Any CPU.ActiveCfg = Debug|Any CPU
		{9587D137-2F9A-464D-898E-4031C31BA322}.Debug|Any CPU.Build.0 = Debug|Any CPU
		{9587D137-2F9A-464D-898E-4031C31BA322}.Release|Any CPU.ActiveCfg = Release|Any CPU
		{9587D137-2F9A-464D-898E-4031C31BA322}.Release|Any CPU.Build.0 = Release|Any CPU
		{AC6C760A-E72A-499C-870F-C8AF88074377}.Debug|Any CPU.ActiveCfg = Debug|Any CPU
		{AC6C760A-E72A-499C-870F-C8AF88074377}.Debug|Any CPU.Build.0 = Debug|Any CPU
		{AC6C760A-E72A-499C-870F-C8AF88074377}.Release|Any CPU.ActiveCfg = Release|Any CPU
		{AC6C760A-E72A-499C-870F-C8AF88074377}.Release|Any CPU.Build.0 = Release|Any CPU
		{F8B608A3-B9DF-477C-8B8C-A9F7B9154312}.Debug|Any CPU.ActiveCfg = Debug|Any CPU
		{F8B608A3-B9DF-477C-8B8C-A9F7B9154312}.Debug|Any CPU.Build.0 = Debug|Any CPU
		{F8B608A3-B9DF-477C-8B8C-A9F7B9154312}.Release|Any CPU.ActiveCfg = Release|Any CPU
		{F8B608A3-B9DF-477C-8B8C-A9F7B9154312}.Release|Any CPU.Build.0 = Release|Any CPU
		{D6FD019F-F068-4669-A17A-67F183497C71}.Debug|Any CPU.ActiveCfg = Debug|Any CPU
		{D6FD019F-F068-4669-A17A-67F183497C71}.Debug|Any CPU.Build.0 = Debug|Any CPU
		{D6FD019F-F068-4669-A17A-67F183497C71}.Release|Any CPU.ActiveCfg = Release|Any CPU
		{D6FD019F-F068-4669-A17A-67F183497C71}.Release|Any CPU.Build.0 = Release|Any CPU
		{1C937214-B256-4ED2-B125-C5958987C88F}.Debug|Any CPU.ActiveCfg = Debug|Any CPU
		{1C937214-B256-4ED2-B125-C5958987C88F}.Debug|Any CPU.Build.0 = Debug|Any CPU
		{1C937214-B256-4ED2-B125-C5958987C88F}.Release|Any CPU.ActiveCfg = Release|Any CPU
		{1C937214-B256-4ED2-B125-C5958987C88F}.Release|Any CPU.Build.0 = Release|Any CPU
		{3801E9E2-7E39-492F-BC7C-5652EEBCA442}.Debug|Any CPU.ActiveCfg = Debug|Any CPU
		{3801E9E2-7E39-492F-BC7C-5652EEBCA442}.Debug|Any CPU.Build.0 = Debug|Any CPU
		{3801E9E2-7E39-492F-BC7C-5652EEBCA442}.Release|Any CPU.ActiveCfg = Release|Any CPU
		{3801E9E2-7E39-492F-BC7C-5652EEBCA442}.Release|Any CPU.Build.0 = Release|Any CPU
		{D9A40F36-9527-49A1-9959-8C1317AE910E}.Debug|Any CPU.ActiveCfg = Debug|Any CPU
		{D9A40F36-9527-49A1-9959-8C1317AE910E}.Debug|Any CPU.Build.0 = Debug|Any CPU
		{D9A40F36-9527-49A1-9959-8C1317AE910E}.Release|Any CPU.ActiveCfg = Release|Any CPU
		{D9A40F36-9527-49A1-9959-8C1317AE910E}.Release|Any CPU.Build.0 = Release|Any CPU
	EndGlobalSection
	GlobalSection(SolutionProperties) = preSolution
		HideSolutionNode = FALSE
	EndGlobalSection
	GlobalSection(ExtensibilityGlobals) = postSolution
		SolutionGuid = {9B775953-0C1C-472F-8901-154EC254D3C0}
	EndGlobalSection
EndGlobal
